
Microsoft Visual Studio Solution File, Format Version 12.00
# Visual Studio Version 17
VisualStudioVersion = 17.14.36301.6 d17.14
MinimumVisualStudioVersion = 10.0.40219.1
Project("{FAE04EC0-301F-11D3-BF4B-00C04F79EFBC}") = "dcit318-assgnment-11227686", "dcit318-assgnment-11227686.csproj", "{83010C6C-1AD5-7D8F-3C0F-3FC7205FC45A}"
EndProject
Global
	GlobalSection(SolutionConfigurationPlatforms) = preSolution
		Debug|Any CPU = Debug|Any CPU
		Release|Any CPU = Release|Any CPU
	EndGlobalSection
	GlobalSection(ProjectConfigurationPlatforms) = postSolution
		{83010C6C-1AD5-7D8F-3C0F-3FC7205FC45A}.Debug|Any CPU.ActiveCfg = Debug|Any CPU
		{83010C6C-1AD5-7D8F-3C0F-3FC7205FC45A}.Debug|Any CPU.Build.0 = Debug|Any CPU
		{83010C6C-1AD5-7D8F-3C0F-3FC7205FC45A}.Release|Any CPU.ActiveCfg = Release|Any CPU
		{83010C6C-1AD5-7D8F-3C0F-3FC7205FC45A}.Release|Any CPU.Build.0 = Release|Any CPU
	EndGlobalSection
	GlobalSection(SolutionProperties) = preSolution
		HideSolutionNode = FALSE
	EndGlobalSection
	GlobalSection(ExtensibilityGlobals) = postSolution
		SolutionGuid = {2596FB3F-15F5-41A7-A4C1-8008E1ADD854}
	EndGlobalSection
EndGlobal
